
Microsoft Visual Studio Solution File, Format Version 12.00
# Visual Studio Version 16
VisualStudioVersion = 16.0.29326.143
MinimumVisualStudioVersion = 10.0.40219.1
Project("{9A19103F-16F7-4668-BE54-9A1E7A4F7556}") = "NewsApp", "NewsApp.csproj", "{FD70C530-6283-4A25-9BB6-70A8FB913906}"
EndProject
Project("{9A19103F-16F7-4668-BE54-9A1E7A4F7556}") = "Repositories", "..\Repositories\Repositories.csproj", "{4BBA54BE-03BD-4C35-9341-611FB5D7683C}"
EndProject
Project("{9A19103F-16F7-4668-BE54-9A1E7A4F7556}") = "Services", "..\Services\Services.csproj", "{F7E6D617-4CD7-49E2-9D9E-A01A180E2D17}"
EndProject
Project("{9A19103F-16F7-4668-BE54-9A1E7A4F7556}") = "Entities", "..\Entities\Entities.csproj", "{7247D340-268F-41A1-B243-78D3BCA4E1D0}"
EndProject
Project("{FAE04EC0-301F-11D3-BF4B-00C04F79EFBC}") = "Models", "..\Models\Models.csproj", "{9BE97393-63D8-4136-A876-360DF6912B01}"
EndProject
Project("{FAE04EC0-301F-11D3-BF4B-00C04F79EFBC}") = "BackgroundServices", "..\BackgroundServices\BackgroundServices.csproj", "{6B41DBDF-AD7C-4CE3-BE4F-AEF0FB3DB7AB}"
EndProject
Global
	GlobalSection(SolutionConfigurationPlatforms) = preSolution
		Debug|Any CPU = Debug|Any CPU
		Release|Any CPU = Release|Any CPU
	EndGlobalSection
	GlobalSection(ProjectConfigurationPlatforms) = postSolution
		{FD70C530-6283-4A25-9BB6-70A8FB913906}.Debug|Any CPU.ActiveCfg = Debug|Any CPU
		{FD70C530-6283-4A25-9BB6-70A8FB913906}.Debug|Any CPU.Build.0 = Debug|Any CPU
		{FD70C530-6283-4A25-9BB6-70A8FB913906}.Release|Any CPU.ActiveCfg = Release|Any CPU
		{FD70C530-6283-4A25-9BB6-70A8FB913906}.Release|Any CPU.Build.0 = Release|Any CPU
		{4BBA54BE-03BD-4C35-9341-611FB5D7683C}.Debug|Any CPU.ActiveCfg = Debug|Any CPU
		{4BBA54BE-03BD-4C35-9341-611FB5D7683C}.Debug|Any CPU.Build.0 = Debug|Any CPU
		{4BBA54BE-03BD-4C35-9341-611FB5D7683C}.Release|Any CPU.ActiveCfg = Release|Any CPU
		{4BBA54BE-03BD-4C35-9341-611FB5D7683C}.Release|Any CPU.Build.0 = Release|Any CPU
		{F7E6D617-4CD7-49E2-9D9E-A01A180E2D17}.Debug|Any CPU.ActiveCfg = Debug|Any CPU
		{F7E6D617-4CD7-49E2-9D9E-A01A180E2D17}.Debug|Any CPU.Build.0 = Debug|Any CPU
		{F7E6D617-4CD7-49E2-9D9E-A01A180E2D17}.Release|Any CPU.ActiveCfg = Release|Any CPU
		{F7E6D617-4CD7-49E2-9D9E-A01A180E2D17}.Release|Any CPU.Build.0 = Release|Any CPU
		{7247D340-268F-41A1-B243-78D3BCA4E1D0}.Debug|Any CPU.ActiveCfg = Debug|Any CPU
		{7247D340-268F-41A1-B243-78D3BCA4E1D0}.Debug|Any CPU.Build.0 = Debug|Any CPU
		{7247D340-268F-41A1-B243-78D3BCA4E1D0}.Release|Any CPU.ActiveCfg = Release|Any CPU
		{7247D340-268F-41A1-B243-78D3BCA4E1D0}.Release|Any CPU.Build.0 = Release|Any CPU
		{9BE97393-63D8-4136-A876-360DF6912B01}.Debug|Any CPU.ActiveCfg = Debug|Any CPU
		{9BE97393-63D8-4136-A876-360DF6912B01}.Debug|Any CPU.Build.0 = Debug|Any CPU
		{9BE97393-63D8-4136-A876-360DF6912B01}.Release|Any CPU.ActiveCfg = Release|Any CPU
		{9BE97393-63D8-4136-A876-360DF6912B01}.Release|Any CPU.Build.0 = Release|Any CPU
		{6B41DBDF-AD7C-4CE3-BE4F-AEF0FB3DB7AB}.Debug|Any CPU.ActiveCfg = Debug|Any CPU
		{6B41DBDF-AD7C-4CE3-BE4F-AEF0FB3DB7AB}.Debug|Any CPU.Build.0 = Debug|Any CPU
		{6B41DBDF-AD7C-4CE3-BE4F-AEF0FB3DB7AB}.Release|Any CPU.ActiveCfg = Release|Any CPU
		{6B41DBDF-AD7C-4CE3-BE4F-AEF0FB3DB7AB}.Release|Any CPU.Build.0 = Release|Any CPU
	EndGlobalSection
	GlobalSection(SolutionProperties) = preSolution
		HideSolutionNode = FALSE
	EndGlobalSection
	GlobalSection(ExtensibilityGlobals) = postSolution
		SolutionGuid = {6F04F23E-538C-4CB6-BB9F-87FB8D367525}
	EndGlobalSection
EndGlobal
